
Microsoft Visual Studio Solution File, Format Version 12.00
# Visual Studio Version 17
VisualStudioVersion = 17.8.34511.84
MinimumVisualStudioVersion = 10.0.40219.1
Project("{FAE04EC0-301F-11D3-BF4B-00C04F79EFBC}") = "AutomobileLibrary", "AutomobileLibrary\AutomobileLibrary.csproj", "{F482BFCF-A433-4F6D-8196-8360661DC020}"
EndProject
Project("{FAE04EC0-301F-11D3-BF4B-00C04F79EFBC}") = "AutomobileWinApp", "AutomobileWinApp\AutomobileWinApp.csproj", "{453CFF79-FE05-4B58-8957-96EB64A2F64C}"
EndProject
Global
	GlobalSection(SolutionConfigurationPlatforms) = preSolution
		Debug|Any CPU = Debug|Any CPU
		Release|Any CPU = Release|Any CPU
	EndGlobalSection
	GlobalSection(ProjectConfigurationPlatforms) = postSolution
		{F482BFCF-A433-4F6D-8196-8360661DC020}.Debug|Any CPU.ActiveCfg = Debug|Any CPU
		{F482BFCF-A433-4F6D-8196-8360661DC020}.Debug|Any CPU.Build.0 = Debug|Any CPU
		{F482BFCF-A433-4F6D-8196-8360661DC020}.Release|Any CPU.ActiveCfg = Release|Any CPU
		{F482BFCF-A433-4F6D-8196-8360661DC020}.Release|Any CPU.Build.0 = Release|Any CPU
		{453CFF79-FE05-4B58-8957-96EB64A2F64C}.Debug|Any CPU.ActiveCfg = Debug|Any CPU
		{453CFF79-FE05-4B58-8957-96EB64A2F64C}.Debug|Any CPU.Build.0 = Debug|Any CPU
		{453CFF79-FE05-4B58-8957-96EB64A2F64C}.Release|Any CPU.ActiveCfg = Release|Any CPU
		{453CFF79-FE05-4B58-8957-96EB64A2F64C}.Release|Any CPU.Build.0 = Release|Any CPU
	EndGlobalSection
	GlobalSection(SolutionProperties) = preSolution
		HideSolutionNode = FALSE
	EndGlobalSection
	GlobalSection(ExtensibilityGlobals) = postSolution
		SolutionGuid = {0A6C6B8E-1ADA-4C08-B446-324B3C122690}
	EndGlobalSection
EndGlobal
